{"1.2.0",
[{<<"acceptor_pool">>,{pkg,<<"acceptor_pool">>,<<"1.0.0">>},1},
 {<<"cf">>,{pkg,<<"cf">>,<<"0.3.1">>},1},
 {<<"erlware_commons">>,{pkg,<<"erlware_commons">>,<<"1.6.0">>},0},
 {<<"gen_flow">>,{pkg,<<"gen_flow">>,<<"0.0.5">>},1},
 {<<"gen_fsm_compat">>,{pkg,<<"gen_fsm_compat">>,<<"0.3.0">>},1},
 {<<"goldrush">>,{pkg,<<"goldrush">>,<<"0.1.9">>},1},
 {<<"gproc">>,{pkg,<<"gproc">>,<<"0.8.0">>},0},
 {<<"lager">>,{pkg,<<"lager">>,<<"3.9.2">>},0},
 {<<"lasp">>,{pkg,<<"lasp">>,<<"0.10.0">>},0},
 {<<"lasp_pg">>,{pkg,<<"lasp_pg">>,<<"0.1.0">>},0},
 {<<"lasp_support">>,{pkg,<<"lasp_support">>,<<"0.0.3">>},1},
 {<<"opentelemetry_api">>,
  {git,"https://github.com/open-telemetry/opentelemetry-erlang-api.git",
       {ref,"48da6489cc45d59a42a7d9c68616144c10b36e3b"}},
  0},
 {<<"partisan">>,{pkg,<<"partisan">>,<<"4.1.0">>},0},
 {<<"plumtree">>,{pkg,<<"plumtree">>,<<"0.6.0">>},1},
 {<<"quickrand">>,{pkg,<<"quickrand">>,<<"1.8.0">>},1},
 {<<"sbroker">>,{pkg,<<"sbroker">>,<<"1.0.0">>},0},
 {<<"time_compat">>,{pkg,<<"time_compat">>,<<"0.0.1">>},2},
 {<<"types">>,{pkg,<<"types">>,<<"0.1.8">>},0},
 {<<"uuid">>,{pkg,<<"uuid_erl">>,<<"1.8.0">>},0}]}.
[
{pkg_hash,[
 {<<"acceptor_pool">>, <<"43C20D2ACAE35F0C2BCD64F9D2BDE267E459F0F3FD23DAB26485BF518C281B21">>},
 {<<"cf">>, <<"5CB902239476E141EA70A740340233782D363A31EEA8AD37049561542E6CD641">>},
 {<<"erlware_commons">>, <<"E0DA62F91E65DEFAE28BB450DDC3C24E85ECB99B926F857CDC6ED8E7DD7076B4">>},
 {<<"gen_flow">>, <<"2FF6ABE3ED1C5C9BC41F81BF09364A3F63F96E4D378D45A2A2DDC4FC06F3484A">>},
 {<<"gen_fsm_compat">>, <<"5903549F67D595F58A7101154CBE0FDD46955FBFBE40813F1E53C23A970FF5F4">>},
 {<<"goldrush">>, <<"F06E5D5F1277DA5C413E84D5A2924174182FB108DABB39D5EC548B27424CD106">>},
 {<<"gproc">>, <<"CEA02C578589C61E5341FCE149EA36CCEF236CC2ECAC8691FBA408E7EA77EC2F">>},
 {<<"lager">>, <<"4CAB289120EB24964E3886BD22323CB5FEFE4510C076992A23AD18CF85413D8C">>},
 {<<"lasp">>, <<"E026F066EFFEA385610B9ADD60768DF456196859395ECFBD4758523A3A53F311">>},
 {<<"lasp_pg">>, <<"94B1B99F016A92B54BC4DA7FA5C202C72AC2DEDAE4BA21488C86F88B1C992020">>},
 {<<"lasp_support">>, <<"C1B7E1A472037AE82C71D2D16A10B7D644A621B66AE5AFE834CECF170F2E9169">>},
 {<<"partisan">>, <<"51D3C1D6487BBB8F94D4FD313D03D93F1C0426350A3ADF84CC3B3243B8EA204E">>},
 {<<"plumtree">>, <<"B347D5FAA640419160CB9DBADF624123A6C0C66ACF7886F36F3F6AEAC99253FA">>},
 {<<"quickrand">>, <<"E47CE597FF067385FF5836C8C7706AC7F8AA7B47DD90C6417E05B64696F872FA">>},
 {<<"sbroker">>, <<"28FF1B5E58887C5098539F236307B36FE1D3EDAA2ACFF9D6A3D17C2DCAFEBBD0">>},
 {<<"time_compat">>, <<"23FE0AD1FDF3B5B88821B2D04B4B5E865BF587AE66056D671FE0F53514ED8139">>},
 {<<"types">>, <<"5782B67231E8C174FE2835395E71E669FE0121076779D2A09F1C0D58EE0E2F13">>},
 {<<"uuid">>, <<"280014F8FF57FCE36EE6E91C3ECF21CBFCE78AAE9854C09597BB4C11E27B66D6">>}]},
{pkg_hash_ext,[
 {<<"acceptor_pool">>, <<"0CBCD83FDC8B9AD2EEE2067EF8B91A14858A5883CB7CD800E6FCD5803E158788">>},
 {<<"cf">>, <<"315E8D447D3A4B02BCDBFA397AD03BBB988A6E0AA6F44D3ADD0F4E3C3BF97672">>},
 {<<"erlware_commons">>, <<"B57C299C39A2992A8C413F9D2C1B8A20061310FB4432B0EEE5E4C4DF7AAA0AA3">>},
 {<<"gen_flow">>, <<"AA139C67942475A08B73D754587FFD4694CE92A149A26D16DDB16EBD6CC19EB4">>},
 {<<"gen_fsm_compat">>, <<"7153D11BAD328933D4B24E663D8CEC52874E14176C7FB392FA1FF768B17460D9">>},
 {<<"goldrush">>, <<"99CB4128CFFCB3227581E5D4D803D5413FA643F4EB96523F77D9E6937D994CEB">>},
 {<<"gproc">>, <<"580ADAFA56463B75263EF5A5DF4C86AF321F68694E7786CB057FD805D1E2A7DE">>},
 {<<"lager">>, <<"7F904D9E87A8CB7E66156ED31768D1C8E26EBA1D54F4BC85B1AA4AC1F6340C28">>},
 {<<"lasp">>, <<"3E7233495C74FF6ADB61302CF21D6D8CEA801D016D512BFFBAF8CA54660FFA4D">>},
 {<<"lasp_pg">>, <<"5D3F55B1E08D12517EC776B8DC75CE85CADE1428B1CECD7F0B67B6A11187A955">>},
 {<<"lasp_support">>, <<"4C8EF19BBF947D9674FAFB2F4B4462CC9B3BB33B5CD4E0049826540EFEE96810">>},
 {<<"partisan">>, <<"180254FCB76EE70450A9E1166CA7CBB0C3587A3E579F10CA2707CD130C935A30">>},
 {<<"plumtree">>, <<"12EBBBF22D0ECC10F50374ED8007693FF4E558838974E03E124C68BA87774B08">>},
 {<<"quickrand">>, <<"7FFADCF851FB4D1F7BC2952E955623BE63F9C4A6B965FD207CC558D5AEDBB6F9">>},
 {<<"sbroker">>, <<"BA952BFA35B374E1E5D84BC5F5EFE8360C6F99DC93B3118F714A9A2DFF6C9E19">>},
 {<<"time_compat">>, <<"161D6B38AC9EE5AE508C76428A55B10CE44DD27FB43AB9722F702867086829E8">>},
 {<<"types">>, <<"04285239F4954C5EDE56F78ED7778EDE24E3F2E997F7B16402A167AF0CC2658A">>},
 {<<"uuid">>, <<"08A59B19A93F0F319B7609516DCE33D2366FA24429EF097D107B7D6998D7E9CC">>}]}
].
